
Microsoft Visual Studio Solution File, Format Version 12.00
# Visual Studio Version 17
VisualStudioVersion = 17.11.35312.102
MinimumVisualStudioVersion = 10.0.40219.1
Project("{FAE04EC0-301F-11D3-BF4B-00C04F79EFBC}") = "ProductsCRUD.WebUI", "ProductsCRUD.WebUI\ProductsCRUD.WebUI.csproj", "{D0C9C3D8-3E33-4EF0-BD90-70BEF1A9174D}"
EndProject
Project("{2150E333-8FDC-42A3-9474-1A3956D46DE8}") = "Solution Items", "Solution Items", "{186B8235-418E-4BF0-8DEF-215930D99776}"
	ProjectSection(SolutionItems) = preProject
		.gitignore = .gitignore
	EndProjectSection
EndProject
Global
	GlobalSection(SolutionConfigurationPlatforms) = preSolution
		Debug|Any CPU = Debug|Any CPU
		Release|Any CPU = Release|Any CPU
	EndGlobalSection
	GlobalSection(ProjectConfigurationPlatforms) = postSolution
		{D0C9C3D8-3E33-4EF0-BD90-70BEF1A9174D}.Debug|Any CPU.ActiveCfg = Debug|Any CPU
		{D0C9C3D8-3E33-4EF0-BD90-70BEF1A9174D}.Debug|Any CPU.Build.0 = Debug|Any CPU
		{D0C9C3D8-3E33-4EF0-BD90-70BEF1A9174D}.Release|Any CPU.ActiveCfg = Release|Any CPU
		{D0C9C3D8-3E33-4EF0-BD90-70BEF1A9174D}.Release|Any CPU.Build.0 = Release|Any CPU
	EndGlobalSection
	GlobalSection(SolutionProperties) = preSolution
		HideSolutionNode = FALSE
	EndGlobalSection
	GlobalSection(ExtensibilityGlobals) = postSolution
		SolutionGuid = {8692862E-A63B-4ED1-B5C0-9E5BBC089625}
	EndGlobalSection
EndGlobal
